
Microsoft Visual Studio Solution File, Format Version 12.00
# Visual Studio 15
VisualStudioVersion = 15.0.28307.1145
MinimumVisualStudioVersion = 10.0.40219.1
Project("{FAE04EC0-301F-11D3-BF4B-00C04F79EFBC}") = "SAT.UI", "SAT.UI\SAT.UI.csproj", "{3C9E5683-DA14-454B-8F75-905BFEBEA013}"
EndProject
Project("{FAE04EC0-301F-11D3-BF4B-00C04F79EFBC}") = "SAT.DATA.EF", "SAT.DATA.EF\SAT.DATA.EF.csproj", "{D7B87CDA-DA88-4FEA-BFBA-7CD6BFC8E9F3}"
EndProject
Global
	GlobalSection(SolutionConfigurationPlatforms) = preSolution
		Debug|Any CPU = Debug|Any CPU
		Release|Any CPU = Release|Any CPU
	EndGlobalSection
	GlobalSection(ProjectConfigurationPlatforms) = postSolution
		{3C9E5683-DA14-454B-8F75-905BFEBEA013}.Debug|Any CPU.ActiveCfg = Debug|Any CPU
		{3C9E5683-DA14-454B-8F75-905BFEBEA013}.Debug|Any CPU.Build.0 = Debug|Any CPU
		{3C9E5683-DA14-454B-8F75-905BFEBEA013}.Release|Any CPU.ActiveCfg = Release|Any CPU
		{3C9E5683-DA14-454B-8F75-905BFEBEA013}.Release|Any CPU.Build.0 = Release|Any CPU
		{D7B87CDA-DA88-4FEA-BFBA-7CD6BFC8E9F3}.Debug|Any CPU.ActiveCfg = Debug|Any CPU
		{D7B87CDA-DA88-4FEA-BFBA-7CD6BFC8E9F3}.Debug|Any CPU.Build.0 = Debug|Any CPU
		{D7B87CDA-DA88-4FEA-BFBA-7CD6BFC8E9F3}.Release|Any CPU.ActiveCfg = Release|Any CPU
		{D7B87CDA-DA88-4FEA-BFBA-7CD6BFC8E9F3}.Release|Any CPU.Build.0 = Release|Any CPU
	EndGlobalSection
	GlobalSection(SolutionProperties) = preSolution
		HideSolutionNode = FALSE
	EndGlobalSection
	GlobalSection(ExtensibilityGlobals) = postSolution
		SolutionGuid = {C86F44A1-B5B5-4A3D-9231-65017FF81CEA}
	EndGlobalSection
EndGlobal
